
Microsoft Visual Studio Solution File, Format Version 12.00
# Visual Studio Version 17
VisualStudioVersion = 17.8.34322.80
MinimumVisualStudioVersion = 10.0.40219.1
Project("{FAE04EC0-301F-11D3-BF4B-00C04F79EFBC}") = "Sherman-Morison", "Sherman-Morison\Sherman-Morison.csproj", "{01733657-D2A3-4307-B332-B0467BEF3F1D}"
EndProject
Global
	GlobalSection(SolutionConfigurationPlatforms) = preSolution
		Debug|Any CPU = Debug|Any CPU
		Release|Any CPU = Release|Any CPU
	EndGlobalSection
	GlobalSection(ProjectConfigurationPlatforms) = postSolution
		{01733657-D2A3-4307-B332-B0467BEF3F1D}.Debug|Any CPU.ActiveCfg = Debug|Any CPU
		{01733657-D2A3-4307-B332-B0467BEF3F1D}.Debug|Any CPU.Build.0 = Debug|Any CPU
		{01733657-D2A3-4307-B332-B0467BEF3F1D}.Release|Any CPU.ActiveCfg = Release|Any CPU
		{01733657-D2A3-4307-B332-B0467BEF3F1D}.Release|Any CPU.Build.0 = Release|Any CPU
	EndGlobalSection
	GlobalSection(SolutionProperties) = preSolution
		HideSolutionNode = FALSE
	EndGlobalSection
	GlobalSection(ExtensibilityGlobals) = postSolution
		SolutionGuid = {720EB572-68AE-4D3B-A964-9420A68661AE}
	EndGlobalSection
EndGlobal
